// !$*UTF8*$!
{
	archiveVersion = 1;
	classes = {
	};
	objectVersion = 77;
	objects = {

/* Begin PBXBuildFile section */
		058FA31CD6F99464BD4784F0 /* NonogramBoardView.swift in Sources */ = {isa = PBXBuildFile; fileRef = DC05920377EBA37BBF4404D4 /* NonogramBoardView.swift */; };
		0A60067CA779534269D7BF8C /* BonusPuzzleSheet.swift in Sources */ = {isa = PBXBuildFile; fileRef = 711715741E47E26C4A8A67B0 /* BonusPuzzleSheet.swift */; };
		262400F6C024DB4B44F56FE1 /* ContentView.swift in Sources */ = {isa = PBXBuildFile; fileRef = DDD1ACB73559FBBBE7B1EEE6 /* ContentView.swift */; };
		2EFD5468E6EFB550A377D71D /* NonogramGridView.swift in Sources */ = {isa = PBXBuildFile; fileRef = 9B951C79BA2F054FCF1D020F /* NonogramGridView.swift */; };
		3179DE2DC261FD0B4731DF2B /* ToolbarView.swift in Sources */ = {isa = PBXBuildFile; fileRef = 7B37F78BE24814A515D18980 /* ToolbarView.swift */; };
		399DD36B58B3908BAD26FF63 /* ArchivePuzzleSheet.swift in Sources */ = {isa = PBXBuildFile; fileRef = 43B6D66973569B7EFF90C1C2 /* ArchivePuzzleSheet.swift */; };
		3ECB45976EABDAAADEE02999 /* CellState.swift in Sources */ = {isa = PBXBuildFile; fileRef = D51F2BC79F415C64A294158F /* CellState.swift */; };
		4287AC26BAFD4AE147A50DA6 /* GoogleMobileAds in Frameworks */ = {isa = PBXBuildFile; productRef = 9974737F4A9D8525F078B9E5 /* GoogleMobileAds */; };
		4F71C0794E0FCF3E1616F1DE /* WeekProgressView.swift in Sources */ = {isa = PBXBuildFile; fileRef = 03B5FE7A79FD1BBCD1BDB8C4 /* WeekProgressView.swift */; };
		567B139F0D50EC152837B64D /* AdManager.swift in Sources */ = {isa = PBXBuildFile; fileRef = D85E7BA55A92FB471FBB8146 /* AdManager.swift */; };
		5A870020E1E2339CC8FAEF0A /* CompletionOverlayView.swift in Sources */ = {isa = PBXBuildFile; fileRef = BE6E91DC2F0C457E06BBA4DF /* CompletionOverlayView.swift */; };
		651FE96FAB7380AE4569870D /* BonusOfferBanner.swift in Sources */ = {isa = PBXBuildFile; fileRef = B1073FF18412A0D545127B07 /* BonusOfferBanner.swift */; };
		6EAF301A20468F3B727F520E /* FreeNonoPuzzleLoader.swift in Sources */ = {isa = PBXBuildFile; fileRef = D9DA8289EE7971E7633D4D15 /* FreeNonoPuzzleLoader.swift */; };
		706E9F189225A0C6CAE0E0FE /* PuzzleLibrary.swift in Sources */ = {isa = PBXBuildFile; fileRef = 545BF5A3C3563AC6BAA2D1A9 /* PuzzleLibrary.swift */; };
		707D5AD5BB7C0AEB823330ED /* SampleNonogram.swift in Sources */ = {isa = PBXBuildFile; fileRef = 20A891DCA6E668581CE3C05D /* SampleNonogram.swift */; };
		7721DDAA8CD2DD68E2CB3BDF /* PremiumTeaserView.swift in Sources */ = {isa = PBXBuildFile; fileRef = 920C4400CBEECBA6F443C2F9 /* PremiumTeaserView.swift */; };
		820102793C6550F972C7E8FC /* Assets.xcassets in Resources */ = {isa = PBXBuildFile; fileRef = CBF9FDF36B5C95B5E28231FE /* Assets.xcassets */; };
		86E093BA2D83BE4F5EBB823F /* DifficultySelectionView.swift in Sources */ = {isa = PBXBuildFile; fileRef = FC0A51968B391AFA9660FE9F /* DifficultySelectionView.swift */; };
		8A9E7CD99C92EAF97347C481 /* BannerAdView.swift in Sources */ = {isa = PBXBuildFile; fileRef = 9351350ADED814AECA29CAB7 /* BannerAdView.swift */; };
		936234CBB032844977C7CADF /* StreakService.swift in Sources */ = {isa = PBXBuildFile; fileRef = D4FF677544C464B41061B1C8 /* StreakService.swift */; };
		981E78C8D56F6CB8AAFCCB4C /* CluesView.swift in Sources */ = {isa = PBXBuildFile; fileRef = B301E4FA53788FF012DEA80C /* CluesView.swift */; };
		9833DEF1EE63CAA8FD74CE03 /* DesignSystem.swift in Sources */ = {isa = PBXBuildFile; fileRef = 957CE66FCA8E6B4C3742E6AA /* DesignSystem.swift */; };
		99678A1E077CBD6DAC1EC175 /* Puzzles in Resources */ = {isa = PBXBuildFile; fileRef = 378E9D6D32E1FB9C631E41A5 /* Puzzles */; };
		A8016A59D14073F427D4F0A3 /* DailyPuzzleService.swift in Sources */ = {isa = PBXBuildFile; fileRef = AA8AA9506E7D2C8677D27027 /* DailyPuzzleService.swift */; };
		ABB44DD793415AAA0EF794B7 /* DifficultyLevel.swift in Sources */ = {isa = PBXBuildFile; fileRef = 441BECA3F9388B0F91CD6063 /* DifficultyLevel.swift */; };
		AFB73DD3E67D0B9B25DBFA84 /* StoreKitManager.swift in Sources */ = {isa = PBXBuildFile; fileRef = 344AE480174BED22980C88EE /* StoreKitManager.swift */; };
		B7CFAE526E1ED8C6B804A743 /* NonogramViewModel.swift in Sources */ = {isa = PBXBuildFile; fileRef = BB7406D25A43DE0183CE9350 /* NonogramViewModel.swift */; };
		C73527186039311067A52747 /* Nonogram.swift in Sources */ = {isa = PBXBuildFile; fileRef = 4FFD26CA8FC88C9A36972A9B /* Nonogram.swift */; };
		D02992C93508574BCD4ABC46 /* DailyNonogramApp.swift in Sources */ = {isa = PBXBuildFile; fileRef = 0076EA9D3CE3B0C6F4CD8FE5 /* DailyNonogramApp.swift */; };
		E855D0E16EDB29EF3B10D833 /* PremiumTeaserService.swift in Sources */ = {isa = PBXBuildFile; fileRef = 39228F75D27EB7CF51DD251B /* PremiumTeaserService.swift */; };
		B73313F1450D4C8F86A7E7A6 /* PuzzleLockService.swift in Sources */ = {isa = PBXBuildFile; fileRef = 5B9B217B85CA44929F04E42A /* PuzzleLockService.swift */; };
		E9A86458A2706BB6354E6853 /* PremiumPaywallView.swift in Sources */ = {isa = PBXBuildFile; fileRef = 3534056C3831B2DB8FAF7828 /* PremiumPaywallView.swift */; };
		F5F78C17595CFA859084C6CD /* SettingsView.swift in Sources */ = {isa = PBXBuildFile; fileRef = FD678FAAA87585D6FC92FC41 /* SettingsView.swift */; };
/* End PBXBuildFile section */

/* Begin PBXFileReference section */
		0076EA9D3CE3B0C6F4CD8FE5 /* DailyNonogramApp.swift */ = {isa = PBXFileReference; lastKnownFileType = sourcecode.swift; path = DailyNonogramApp.swift; sourceTree = "<group>"; };
		03B5FE7A79FD1BBCD1BDB8C4 /* WeekProgressView.swift */ = {isa = PBXFileReference; lastKnownFileType = sourcecode.swift; path = WeekProgressView.swift; sourceTree = "<group>"; };
		20A891DCA6E668581CE3C05D /* SampleNonogram.swift */ = {isa = PBXFileReference; lastKnownFileType = sourcecode.swift; path = SampleNonogram.swift; sourceTree = "<group>"; };
		344AE480174BED22980C88EE /* StoreKitManager.swift */ = {isa = PBXFileReference; lastKnownFileType = sourcecode.swift; path = StoreKitManager.swift; sourceTree = "<group>"; };
		3534056C3831B2DB8FAF7828 /* PremiumPaywallView.swift */ = {isa = PBXFileReference; lastKnownFileType = sourcecode.swift; path = PremiumPaywallView.swift; sourceTree = "<group>"; };
		378E9D6D32E1FB9C631E41A5 /* Puzzles */ = {isa = PBXFileReference; lastKnownFileType = folder; name = Puzzles; path = DailyNonogram/Resources/Puzzles; sourceTree = SOURCE_ROOT; };
		39228F75D27EB7CF51DD251B /* PremiumTeaserService.swift */ = {isa = PBXFileReference; lastKnownFileType = sourcecode.swift; path = PremiumTeaserService.swift; sourceTree = "<group>"; };
		5B9B217B85CA44929F04E42A /* PuzzleLockService.swift */ = {isa = PBXFileReference; lastKnownFileType = sourcecode.swift; path = PuzzleLockService.swift; sourceTree = "<group>"; };
		43B6D66973569B7EFF90C1C2 /* ArchivePuzzleSheet.swift */ = {isa = PBXFileReference; lastKnownFileType = sourcecode.swift; path = ArchivePuzzleSheet.swift; sourceTree = "<group>"; };
		441BECA3F9388B0F91CD6063 /* DifficultyLevel.swift */ = {isa = PBXFileReference; lastKnownFileType = sourcecode.swift; path = DifficultyLevel.swift; sourceTree = "<group>"; };
		4A83E456CDBB8C4EFA54E82A /* Info.plist */ = {isa = PBXFileReference; lastKnownFileType = text.plist; path = Info.plist; sourceTree = "<group>"; };
		4FFD26CA8FC88C9A36972A9B /* Nonogram.swift */ = {isa = PBXFileReference; lastKnownFileType = sourcecode.swift; path = Nonogram.swift; sourceTree = "<group>"; };
		545BF5A3C3563AC6BAA2D1A9 /* PuzzleLibrary.swift */ = {isa = PBXFileReference; lastKnownFileType = sourcecode.swift; path = PuzzleLibrary.swift; sourceTree = "<group>"; };
		711715741E47E26C4A8A67B0 /* BonusPuzzleSheet.swift */ = {isa = PBXFileReference; lastKnownFileType = sourcecode.swift; path = BonusPuzzleSheet.swift; sourceTree = "<group>"; };
		7B37F78BE24814A515D18980 /* ToolbarView.swift */ = {isa = PBXFileReference; lastKnownFileType = sourcecode.swift; path = ToolbarView.swift; sourceTree = "<group>"; };
		920C4400CBEECBA6F443C2F9 /* PremiumTeaserView.swift */ = {isa = PBXFileReference; lastKnownFileType = sourcecode.swift; path = PremiumTeaserView.swift; sourceTree = "<group>"; };
		9351350ADED814AECA29CAB7 /* BannerAdView.swift */ = {isa = PBXFileReference; lastKnownFileType = sourcecode.swift; path = BannerAdView.swift; sourceTree = "<group>"; };
		957CE66FCA8E6B4C3742E6AA /* DesignSystem.swift */ = {isa = PBXFileReference; lastKnownFileType = sourcecode.swift; path = DesignSystem.swift; sourceTree = "<group>"; };
		9B951C79BA2F054FCF1D020F /* NonogramGridView.swift */ = {isa = PBXFileReference; lastKnownFileType = sourcecode.swift; path = NonogramGridView.swift; sourceTree = "<group>"; };
		AA8AA9506E7D2C8677D27027 /* DailyPuzzleService.swift */ = {isa = PBXFileReference; lastKnownFileType = sourcecode.swift; path = DailyPuzzleService.swift; sourceTree = "<group>"; };
		B1073FF18412A0D545127B07 /* BonusOfferBanner.swift */ = {isa = PBXFileReference; lastKnownFileType = sourcecode.swift; path = BonusOfferBanner.swift; sourceTree = "<group>"; };
		B301E4FA53788FF012DEA80C /* CluesView.swift */ = {isa = PBXFileReference; lastKnownFileType = sourcecode.swift; path = CluesView.swift; sourceTree = "<group>"; };
		BB7406D25A43DE0183CE9350 /* NonogramViewModel.swift */ = {isa = PBXFileReference; lastKnownFileType = sourcecode.swift; path = NonogramViewModel.swift; sourceTree = "<group>"; };
		BE6E91DC2F0C457E06BBA4DF /* CompletionOverlayView.swift */ = {isa = PBXFileReference; lastKnownFileType = sourcecode.swift; path = CompletionOverlayView.swift; sourceTree = "<group>"; };
		C793274A66DB3D4CE0FC4B38 /* DailyNonogram.app */ = {isa = PBXFileReference; includeInIndex = 0; lastKnownFileType = wrapper.application; path = DailyNonogram.app; sourceTree = BUILT_PRODUCTS_DIR; };
		CBF9FDF36B5C95B5E28231FE /* Assets.xcassets */ = {isa = PBXFileReference; lastKnownFileType = folder.assetcatalog; path = Assets.xcassets; sourceTree = "<group>"; };
		D4FF677544C464B41061B1C8 /* StreakService.swift */ = {isa = PBXFileReference; lastKnownFileType = sourcecode.swift; path = StreakService.swift; sourceTree = "<group>"; };
		D51F2BC79F415C64A294158F /* CellState.swift */ = {isa = PBXFileReference; lastKnownFileType = sourcecode.swift; path = CellState.swift; sourceTree = "<group>"; };
		D85E7BA55A92FB471FBB8146 /* AdManager.swift */ = {isa = PBXFileReference; lastKnownFileType = sourcecode.swift; path = AdManager.swift; sourceTree = "<group>"; };
		D9DA8289EE7971E7633D4D15 /* FreeNonoPuzzleLoader.swift */ = {isa = PBXFileReference; lastKnownFileType = sourcecode.swift; path = FreeNonoPuzzleLoader.swift; sourceTree = "<group>"; };
		DC05920377EBA37BBF4404D4 /* NonogramBoardView.swift */ = {isa = PBXFileReference; lastKnownFileType = sourcecode.swift; path = NonogramBoardView.swift; sourceTree = "<group>"; };
		DDD1ACB73559FBBBE7B1EEE6 /* ContentView.swift */ = {isa = PBXFileReference; lastKnownFileType = sourcecode.swift; path = ContentView.swift; sourceTree = "<group>"; };
		FC0A51968B391AFA9660FE9F /* DifficultySelectionView.swift */ = {isa = PBXFileReference; lastKnownFileType = sourcecode.swift; path = DifficultySelectionView.swift; sourceTree = "<group>"; };
		FD678FAAA87585D6FC92FC41 /* SettingsView.swift */ = {isa = PBXFileReference; lastKnownFileType = sourcecode.swift; path = SettingsView.swift; sourceTree = "<group>"; };
/* End PBXFileReference section */

/* Begin PBXFrameworksBuildPhase section */
		4E93E9B03365312FA8AC7714 /* Frameworks */ = {
			isa = PBXFrameworksBuildPhase;
			buildActionMask = 2147483647;
			files = (
				4287AC26BAFD4AE147A50DA6 /* GoogleMobileAds in Frameworks */,
			);
			runOnlyForDeploymentPostprocessing = 0;
		};
/* End PBXFrameworksBuildPhase section */

/* Begin PBXGroup section */
		236045FED646FD1AB0E3C15C /* Views */ = {
			isa = PBXGroup;
			children = (
				43B6D66973569B7EFF90C1C2 /* ArchivePuzzleSheet.swift */,
				9351350ADED814AECA29CAB7 /* BannerAdView.swift */,
				B1073FF18412A0D545127B07 /* BonusOfferBanner.swift */,
				711715741E47E26C4A8A67B0 /* BonusPuzzleSheet.swift */,
				B301E4FA53788FF012DEA80C /* CluesView.swift */,
				BE6E91DC2F0C457E06BBA4DF /* CompletionOverlayView.swift */,
				FC0A51968B391AFA9660FE9F /* DifficultySelectionView.swift */,
				DC05920377EBA37BBF4404D4 /* NonogramBoardView.swift */,
				9B951C79BA2F054FCF1D020F /* NonogramGridView.swift */,
				3534056C3831B2DB8FAF7828 /* PremiumPaywallView.swift */,
				920C4400CBEECBA6F443C2F9 /* PremiumTeaserView.swift */,
				FD678FAAA87585D6FC92FC41 /* SettingsView.swift */,
				7B37F78BE24814A515D18980 /* ToolbarView.swift */,
				03B5FE7A79FD1BBCD1BDB8C4 /* WeekProgressView.swift */,
			);
			path = Views;
			sourceTree = "<group>";
		};
		337457C24B82D7190214CA7B /* ViewModels */ = {
			isa = PBXGroup;
			children = (
				BB7406D25A43DE0183CE9350 /* NonogramViewModel.swift */,
			);
			path = ViewModels;
			sourceTree = "<group>";
		};
		4E5760593D7D79D7E6C50D2F /* Resources */ = {
			isa = PBXGroup;
			children = (
				378E9D6D32E1FB9C631E41A5 /* Puzzles */,
			);
			path = Resources;
			sourceTree = "<group>";
		};
		8BD4191F305BD0B2EB16E3AE /* Products */ = {
			isa = PBXGroup;
			children = (
				C793274A66DB3D4CE0FC4B38 /* DailyNonogram.app */,
			);
			name = Products;
			sourceTree = "<group>";
		};
		8F873637B69729BEC481AE69 /* App */ = {
			isa = PBXGroup;
			children = (
				DDD1ACB73559FBBBE7B1EEE6 /* ContentView.swift */,
				0076EA9D3CE3B0C6F4CD8FE5 /* DailyNonogramApp.swift */,
				957CE66FCA8E6B4C3742E6AA /* DesignSystem.swift */,
			);
			path = App;
			sourceTree = "<group>";
		};
		B5476479C1282ADC6D21AF26 /* Models */ = {
			isa = PBXGroup;
			children = (
				D51F2BC79F415C64A294158F /* CellState.swift */,
				441BECA3F9388B0F91CD6063 /* DifficultyLevel.swift */,
				4FFD26CA8FC88C9A36972A9B /* Nonogram.swift */,
			);
			path = Models;
			sourceTree = "<group>";
		};
		C5FF5E1643520E2E179F9576 = {
			isa = PBXGroup;
			children = (
				D92D2946E0BDF24A5E455638 /* DailyNonogram */,
				8BD4191F305BD0B2EB16E3AE /* Products */,
			);
			sourceTree = "<group>";
		};
		D546D53BA5DDC7037051F168 /* Services */ = {
			isa = PBXGroup;
			children = (
				D85E7BA55A92FB471FBB8146 /* AdManager.swift */,
				AA8AA9506E7D2C8677D27027 /* DailyPuzzleService.swift */,
				D9DA8289EE7971E7633D4D15 /* FreeNonoPuzzleLoader.swift */,
				39228F75D27EB7CF51DD251B /* PremiumTeaserService.swift */,
				5B9B217B85CA44929F04E42A /* PuzzleLockService.swift */,
				344AE480174BED22980C88EE /* StoreKitManager.swift */,
				D4FF677544C464B41061B1C8 /* StreakService.swift */,
			);
			path = Services;
			sourceTree = "<group>";
		};
		D92D2946E0BDF24A5E455638 /* DailyNonogram */ = {
			isa = PBXGroup;
			children = (
				CBF9FDF36B5C95B5E28231FE /* Assets.xcassets */,
				4A83E456CDBB8C4EFA54E82A /* Info.plist */,
				8F873637B69729BEC481AE69 /* App */,
				F6ADDD86813C9E53C85C3257 /* Data */,
				B5476479C1282ADC6D21AF26 /* Models */,
				4E5760593D7D79D7E6C50D2F /* Resources */,
				D546D53BA5DDC7037051F168 /* Services */,
				337457C24B82D7190214CA7B /* ViewModels */,
				236045FED646FD1AB0E3C15C /* Views */,
			);
			path = DailyNonogram;
			sourceTree = "<group>";
		};
		F6ADDD86813C9E53C85C3257 /* Data */ = {
			isa = PBXGroup;
			children = (
				545BF5A3C3563AC6BAA2D1A9 /* PuzzleLibrary.swift */,
				20A891DCA6E668581CE3C05D /* SampleNonogram.swift */,
			);
			path = Data;
			sourceTree = "<group>";
		};
/* End PBXGroup section */

/* Begin PBXNativeTarget section */
		4C068EB7BEE46FE1A4912A79 /* DailyNonogram */ = {
			isa = PBXNativeTarget;
			buildConfigurationList = 69AA2BD06E43720E814793AB /* Build configuration list for PBXNativeTarget "DailyNonogram" */;
			buildPhases = (
				47ED694103F7292672F0B0E3 /* Sources */,
				14F8992561A4C3458ED4F8AB /* Resources */,
				4E93E9B03365312FA8AC7714 /* Frameworks */,
			);
			buildRules = (
			);
			dependencies = (
			);
			name = DailyNonogram;
			packageProductDependencies = (
				9974737F4A9D8525F078B9E5 /* GoogleMobileAds */,
			);
			productName = DailyNonogram;
			productReference = C793274A66DB3D4CE0FC4B38 /* DailyNonogram.app */;
			productType = "com.apple.product-type.application";
		};
/* End PBXNativeTarget section */

/* Begin PBXProject section */
		340D5DA342748945CEE38F86 /* Project object */ = {
			isa = PBXProject;
			attributes = {
				BuildIndependentTargetsInParallel = YES;
				LastUpgradeCheck = 1430;
				TargetAttributes = {
				};
			};
			buildConfigurationList = A867428F355C25DE2AD96130 /* Build configuration list for PBXProject "DailyNonogram" */;
			developmentRegion = en;
			hasScannedForEncodings = 0;
			knownRegions = (
				Base,
				en,
			);
			mainGroup = C5FF5E1643520E2E179F9576;
			minimizedProjectReferenceProxies = 1;
			packageReferences = (
				F8567EDE368B24237A3F54D2 /* XCRemoteSwiftPackageReference "swift-package-manager-google-mobile-ads" */,
			);
			preferredProjectObjectVersion = 77;
			productRefGroup = 8BD4191F305BD0B2EB16E3AE /* Products */;
			projectDirPath = "";
			projectRoot = "";
			targets = (
				4C068EB7BEE46FE1A4912A79 /* DailyNonogram */,
			);
		};
/* End PBXProject section */

/* Begin PBXResourcesBuildPhase section */
		14F8992561A4C3458ED4F8AB /* Resources */ = {
			isa = PBXResourcesBuildPhase;
			buildActionMask = 2147483647;
			files = (
				820102793C6550F972C7E8FC /* Assets.xcassets in Resources */,
				99678A1E077CBD6DAC1EC175 /* Puzzles in Resources */,
			);
			runOnlyForDeploymentPostprocessing = 0;
		};
/* End PBXResourcesBuildPhase section */

/* Begin PBXSourcesBuildPhase section */
		47ED694103F7292672F0B0E3 /* Sources */ = {
			isa = PBXSourcesBuildPhase;
			buildActionMask = 2147483647;
			files = (
				567B139F0D50EC152837B64D /* AdManager.swift in Sources */,
				399DD36B58B3908BAD26FF63 /* ArchivePuzzleSheet.swift in Sources */,
				8A9E7CD99C92EAF97347C481 /* BannerAdView.swift in Sources */,
				651FE96FAB7380AE4569870D /* BonusOfferBanner.swift in Sources */,
				0A60067CA779534269D7BF8C /* BonusPuzzleSheet.swift in Sources */,
				3ECB45976EABDAAADEE02999 /* CellState.swift in Sources */,
				981E78C8D56F6CB8AAFCCB4C /* CluesView.swift in Sources */,
				5A870020E1E2339CC8FAEF0A /* CompletionOverlayView.swift in Sources */,
				262400F6C024DB4B44F56FE1 /* ContentView.swift in Sources */,
				D02992C93508574BCD4ABC46 /* DailyNonogramApp.swift in Sources */,
				A8016A59D14073F427D4F0A3 /* DailyPuzzleService.swift in Sources */,
				9833DEF1EE63CAA8FD74CE03 /* DesignSystem.swift in Sources */,
				ABB44DD793415AAA0EF794B7 /* DifficultyLevel.swift in Sources */,
				86E093BA2D83BE4F5EBB823F /* DifficultySelectionView.swift in Sources */,
				6EAF301A20468F3B727F520E /* FreeNonoPuzzleLoader.swift in Sources */,
				C73527186039311067A52747 /* Nonogram.swift in Sources */,
				058FA31CD6F99464BD4784F0 /* NonogramBoardView.swift in Sources */,
				2EFD5468E6EFB550A377D71D /* NonogramGridView.swift in Sources */,
				B7CFAE526E1ED8C6B804A743 /* NonogramViewModel.swift in Sources */,
				E9A86458A2706BB6354E6853 /* PremiumPaywallView.swift in Sources */,
				E855D0E16EDB29EF3B10D833 /* PremiumTeaserService.swift in Sources */,
				7721DDAA8CD2DD68E2CB3BDF /* PremiumTeaserView.swift in Sources */,
				B73313F1450D4C8F86A7E7A6 /* PuzzleLockService.swift in Sources */,
				706E9F189225A0C6CAE0E0FE /* PuzzleLibrary.swift in Sources */,
				707D5AD5BB7C0AEB823330ED /* SampleNonogram.swift in Sources */,
				F5F78C17595CFA859084C6CD /* SettingsView.swift in Sources */,
				AFB73DD3E67D0B9B25DBFA84 /* StoreKitManager.swift in Sources */,
				936234CBB032844977C7CADF /* StreakService.swift in Sources */,
				3179DE2DC261FD0B4731DF2B /* ToolbarView.swift in Sources */,
				4F71C0794E0FCF3E1616F1DE /* WeekProgressView.swift in Sources */,
			);
			runOnlyForDeploymentPostprocessing = 0;
		};
/* End PBXSourcesBuildPhase section */

/* Begin XCBuildConfiguration section */
		5A16EC4908EE537E8281B86A /* Debug */ = {
			isa = XCBuildConfiguration;
			buildSettings = {
				ASSETCATALOG_COMPILER_APPICON_NAME = AppIcon;
				CODE_SIGN_IDENTITY = "iPhone Developer";
				CURRENT_PROJECT_VERSION = 1;
				GENERATE_INFOPLIST_FILE = YES;
				INFOPLIST_FILE = DailyNonogram/Info.plist;
				INFOPLIST_KEY_CFBundleDisplayName = "Daily Nonogram";
				INFOPLIST_KEY_UIApplicationSceneManifest_Generation = YES;
				INFOPLIST_KEY_UILaunchScreen_Generation = YES;
				LD_RUNPATH_SEARCH_PATHS = (
					"$(inherited)",
					"@executable_path/Frameworks",
				);
				MARKETING_VERSION = 0.1;
				PRODUCT_BUNDLE_IDENTIFIER = com.philip.DailyNonogram;
				PRODUCT_NAME = "Daily Nonogram";
				SDKROOT = iphoneos;
				SUPPORTS_MACCATALYST = YES;
				SWIFT_VERSION = 6.0;
				TARGETED_DEVICE_FAMILY = "1,2";
			};
			name = Debug;
		};
		808B96E8E3DBAE0B053A78C4 /* Release */ = {
			isa = XCBuildConfiguration;
			buildSettings = {
				ALWAYS_SEARCH_USER_PATHS = NO;
				CLANG_ANALYZER_NONNULL = YES;
				CLANG_ANALYZER_NUMBER_OBJECT_CONVERSION = YES_AGGRESSIVE;
				CLANG_CXX_LANGUAGE_STANDARD = "gnu++14";
				CLANG_CXX_LIBRARY = "libc++";
				CLANG_ENABLE_MODULES = YES;
				CLANG_ENABLE_OBJC_ARC = YES;
				CLANG_ENABLE_OBJC_WEAK = YES;
				CLANG_WARN_BLOCK_CAPTURE_AUTORELEASING = YES;
				CLANG_WARN_BOOL_CONVERSION = YES;
				CLANG_WARN_COMMA = YES;
				CLANG_WARN_CONSTANT_CONVERSION = YES;
				CLANG_WARN_DEPRECATED_OBJC_IMPLEMENTATIONS = YES;
				CLANG_WARN_DIRECT_OBJC_ISA_USAGE = YES_ERROR;
				CLANG_WARN_DOCUMENTATION_COMMENTS = YES;
				CLANG_WARN_EMPTY_BODY = YES;
				CLANG_WARN_ENUM_CONVERSION = YES;
				CLANG_WARN_INFINITE_RECURSION = YES;
				CLANG_WARN_INT_CONVERSION = YES;
				CLANG_WARN_NON_LITERAL_NULL_CONVERSION = YES;
				CLANG_WARN_OBJC_IMPLICIT_RETAIN_SELF = YES;
				CLANG_WARN_OBJC_LITERAL_CONVERSION = YES;
				CLANG_WARN_OBJC_ROOT_CLASS = YES_ERROR;
				CLANG_WARN_QUOTED_INCLUDE_IN_FRAMEWORK_HEADER = YES;
				CLANG_WARN_RANGE_LOOP_ANALYSIS = YES;
				CLANG_WARN_STRICT_PROTOTYPES = YES;
				CLANG_WARN_SUSPICIOUS_MOVE = YES;
				CLANG_WARN_UNGUARDED_AVAILABILITY = YES_AGGRESSIVE;
				CLANG_WARN_UNREACHABLE_CODE = YES;
				CLANG_WARN__DUPLICATE_METHOD_MATCH = YES;
				COPY_PHASE_STRIP = NO;
				DEBUG_INFORMATION_FORMAT = "dwarf-with-dsym";
				ENABLE_NS_ASSERTIONS = NO;
				ENABLE_STRICT_OBJC_MSGSEND = YES;
				GCC_C_LANGUAGE_STANDARD = gnu11;
				GCC_NO_COMMON_BLOCKS = YES;
				GCC_WARN_64_TO_32_BIT_CONVERSION = YES;
				GCC_WARN_ABOUT_RETURN_TYPE = YES_ERROR;
				GCC_WARN_UNDECLARED_SELECTOR = YES;
				GCC_WARN_UNINITIALIZED_AUTOS = YES_AGGRESSIVE;
				GCC_WARN_UNUSED_FUNCTION = YES;
				GCC_WARN_UNUSED_VARIABLE = YES;
				IPHONEOS_DEPLOYMENT_TARGET = 17.0;
				MTL_ENABLE_DEBUG_INFO = NO;
				MTL_FAST_MATH = YES;
				PRODUCT_NAME = "$(TARGET_NAME)";
				SDKROOT = iphoneos;
				SWIFT_COMPILATION_MODE = wholemodule;
				SWIFT_OPTIMIZATION_LEVEL = "-O";
				SWIFT_VERSION = 5.0;
			};
			name = Release;
		};
		C6851B462DA0059B6EDDCFED /* Debug */ = {
			isa = XCBuildConfiguration;
			buildSettings = {
				ALWAYS_SEARCH_USER_PATHS = NO;
				CLANG_ANALYZER_NONNULL = YES;
				CLANG_ANALYZER_NUMBER_OBJECT_CONVERSION = YES_AGGRESSIVE;
				CLANG_CXX_LANGUAGE_STANDARD = "gnu++14";
				CLANG_CXX_LIBRARY = "libc++";
				CLANG_ENABLE_MODULES = YES;
				CLANG_ENABLE_OBJC_ARC = YES;
				CLANG_ENABLE_OBJC_WEAK = YES;
				CLANG_WARN_BLOCK_CAPTURE_AUTORELEASING = YES;
				CLANG_WARN_BOOL_CONVERSION = YES;
				CLANG_WARN_COMMA = YES;
				CLANG_WARN_CONSTANT_CONVERSION = YES;
				CLANG_WARN_DEPRECATED_OBJC_IMPLEMENTATIONS = YES;
				CLANG_WARN_DIRECT_OBJC_ISA_USAGE = YES_ERROR;
				CLANG_WARN_DOCUMENTATION_COMMENTS = YES;
				CLANG_WARN_EMPTY_BODY = YES;
				CLANG_WARN_ENUM_CONVERSION = YES;
				CLANG_WARN_INFINITE_RECURSION = YES;
				CLANG_WARN_INT_CONVERSION = YES;
				CLANG_WARN_NON_LITERAL_NULL_CONVERSION = YES;
				CLANG_WARN_OBJC_IMPLICIT_RETAIN_SELF = YES;
				CLANG_WARN_OBJC_LITERAL_CONVERSION = YES;
				CLANG_WARN_OBJC_ROOT_CLASS = YES_ERROR;
				CLANG_WARN_QUOTED_INCLUDE_IN_FRAMEWORK_HEADER = YES;
				CLANG_WARN_RANGE_LOOP_ANALYSIS = YES;
				CLANG_WARN_STRICT_PROTOTYPES = YES;
				CLANG_WARN_SUSPICIOUS_MOVE = YES;
				CLANG_WARN_UNGUARDED_AVAILABILITY = YES_AGGRESSIVE;
				CLANG_WARN_UNREACHABLE_CODE = YES;
				CLANG_WARN__DUPLICATE_METHOD_MATCH = YES;
				COPY_PHASE_STRIP = NO;
				DEBUG_INFORMATION_FORMAT = dwarf;
				ENABLE_STRICT_OBJC_MSGSEND = YES;
				ENABLE_TESTABILITY = YES;
				GCC_C_LANGUAGE_STANDARD = gnu11;
				GCC_DYNAMIC_NO_PIC = NO;
				GCC_NO_COMMON_BLOCKS = YES;
				GCC_OPTIMIZATION_LEVEL = 0;
				GCC_PREPROCESSOR_DEFINITIONS = (
					"$(inherited)",
					"DEBUG=1",
				);
				GCC_WARN_64_TO_32_BIT_CONVERSION = YES;
				GCC_WARN_ABOUT_RETURN_TYPE = YES_ERROR;
				GCC_WARN_UNDECLARED_SELECTOR = YES;
				GCC_WARN_UNINITIALIZED_AUTOS = YES_AGGRESSIVE;
				GCC_WARN_UNUSED_FUNCTION = YES;
				GCC_WARN_UNUSED_VARIABLE = YES;
				IPHONEOS_DEPLOYMENT_TARGET = 17.0;
				MTL_ENABLE_DEBUG_INFO = INCLUDE_SOURCE;
				MTL_FAST_MATH = YES;
				ONLY_ACTIVE_ARCH = YES;
				PRODUCT_NAME = "$(TARGET_NAME)";
				SDKROOT = iphoneos;
				SWIFT_ACTIVE_COMPILATION_CONDITIONS = DEBUG;
				SWIFT_OPTIMIZATION_LEVEL = "-Onone";
				SWIFT_VERSION = 5.0;
			};
			name = Debug;
		};
		E3028C033A37E8F3A233AF46 /* Release */ = {
			isa = XCBuildConfiguration;
			buildSettings = {
				ASSETCATALOG_COMPILER_APPICON_NAME = AppIcon;
				CODE_SIGN_IDENTITY = "iPhone Developer";
				CURRENT_PROJECT_VERSION = 1;
				GENERATE_INFOPLIST_FILE = YES;
				INFOPLIST_FILE = DailyNonogram/Info.plist;
				INFOPLIST_KEY_CFBundleDisplayName = "Daily Nonogram";
				INFOPLIST_KEY_UIApplicationSceneManifest_Generation = YES;
				INFOPLIST_KEY_UILaunchScreen_Generation = YES;
				LD_RUNPATH_SEARCH_PATHS = (
					"$(inherited)",
					"@executable_path/Frameworks",
				);
				MARKETING_VERSION = 0.1;
				PRODUCT_BUNDLE_IDENTIFIER = com.philip.DailyNonogram;
				PRODUCT_NAME = "Daily Nonogram";
				SDKROOT = iphoneos;
				SUPPORTS_MACCATALYST = YES;
				SWIFT_VERSION = 6.0;
				TARGETED_DEVICE_FAMILY = "1,2";
			};
			name = Release;
		};
/* End XCBuildConfiguration section */

/* Begin XCConfigurationList section */
		69AA2BD06E43720E814793AB /* Build configuration list for PBXNativeTarget "DailyNonogram" */ = {
			isa = XCConfigurationList;
			buildConfigurations = (
				5A16EC4908EE537E8281B86A /* Debug */,
				E3028C033A37E8F3A233AF46 /* Release */,
			);
			defaultConfigurationIsVisible = 0;
			defaultConfigurationName = Debug;
		};
		A867428F355C25DE2AD96130 /* Build configuration list for PBXProject "DailyNonogram" */ = {
			isa = XCConfigurationList;
			buildConfigurations = (
				C6851B462DA0059B6EDDCFED /* Debug */,
				808B96E8E3DBAE0B053A78C4 /* Release */,
			);
			defaultConfigurationIsVisible = 0;
			defaultConfigurationName = Debug;
		};
/* End XCConfigurationList section */

/* Begin XCRemoteSwiftPackageReference section */
		F8567EDE368B24237A3F54D2 /* XCRemoteSwiftPackageReference "swift-package-manager-google-mobile-ads" */ = {
			isa = XCRemoteSwiftPackageReference;
			repositoryURL = "https://github.com/googleads/swift-package-manager-google-mobile-ads.git";
			requirement = {
				kind = upToNextMajorVersion;
				minimumVersion = 11.0.0;
			};
		};
/* End XCRemoteSwiftPackageReference section */

/* Begin XCSwiftPackageProductDependency section */
		9974737F4A9D8525F078B9E5 /* GoogleMobileAds */ = {
			isa = XCSwiftPackageProductDependency;
			package = F8567EDE368B24237A3F54D2 /* XCRemoteSwiftPackageReference "swift-package-manager-google-mobile-ads" */;
			productName = GoogleMobileAds;
		};
/* End XCSwiftPackageProductDependency section */
	};
	rootObject = 340D5DA342748945CEE38F86 /* Project object */;
}
